Microsoft Visual Studio Solution File, Format Version 11.00
# Visual Studio 2010
Project("{8BC9CEB8-8B4A-11D0-8D11-00A0C91BC942}") = "Lang", "Lang\Lang_2010.vcxproj", "{EDDEC0E3-4348-42DB-B4EF-879FB55F66C3}"
EndProject
Project("{8BC9CEB8-8B4A-11D0-8D11-00A0C91BC942}") = "DXUT10", "DX10\DXUT10_2010.vcxproj", "{AB00ED6C-E1B3-421E-B8C9-B14EEA7F2C69}"
EndProject
Project("{8BC9CEB8-8B4A-11D0-8D11-00A0C91BC942}") = "GameCode3", "GameCode3_2010.vcxproj", "{CACD6762-8701-49A3-8E03-7CFCDA35BD5B}"
EndProject
Project("{8BC9CEB8-8B4A-11D0-8D11-00A0C91BC942}") = "TeapotWars", "TeapotWars\TeapotWars_2010.vcxproj", "{F8D60BC2-2B25-4E68-85CC-74B8E0EF042E}"
	ProjectSection(ProjectDependencies) = postProject
		{CACD6762-8701-49A3-8E03-7CFCDA35BD5B} = {CACD6762-8701-49A3-8E03-7CFCDA35BD5B}
		{AB00ED6C-E1B3-421E-B8C9-B14EEA7F2C69} = {AB00ED6C-E1B3-421E-B8C9-B14EEA7F2C69}
		{EDDEC0E3-4348-42DB-B4EF-879FB55F66C3} = {EDDEC0E3-4348-42DB-B4EF-879FB55F66C3}
	EndProjectSection
EndProject
Project("{8BC9CEB8-8B4A-11D0-8D11-00A0C91BC942}") = "Editor_2010", "Editor\Editor_2010.vcxproj", "{2D958944-FDFC-4325-9926-98D6D42A7B7C}"
	ProjectSection(ProjectDependencies) = postProject
		{CACD6762-8701-49A3-8E03-7CFCDA35BD5B} = {CACD6762-8701-49A3-8E03-7CFCDA35BD5B}
		{AB00ED6C-E1B3-421E-B8C9-B14EEA7F2C69} = {AB00ED6C-E1B3-421E-B8C9-B14EEA7F2C69}
	EndProjectSection
EndProject
Project("{FAE04EC0-301F-11D3-BF4B-00C04F79EFBC}") = "EditorApp_2010", "EditorApp\EditorApp_2010.csproj", "{EE73C17A-7182-4028-AEC5-9A6A91788DB8}"
	ProjectSection(ProjectDependencies) = postProject
		{2D958944-FDFC-4325-9926-98D6D42A7B7C} = {2D958944-FDFC-4325-9926-98D6D42A7B7C}
	EndProjectSection
EndProject
Global
	GlobalSection(SolutionConfigurationPlatforms) = preSolution
		Debug|Any CPU = Debug|Any CPU
		Debug|Mixed Platforms = Debug|Mixed Platforms
		Debug|Win32 = Debug|Win32
		Release|Any CPU = Release|Any CPU
		Release|Mixed Platforms = Release|Mixed Platforms
		Release|Win32 = Release|Win32
	EndGlobalSection
	GlobalSection(ProjectConfigurationPlatforms) = postSolution
		{EDDEC0E3-4348-42DB-B4EF-879FB55F66C3}.Debug|Any CPU.ActiveCfg = Debug|Win32
		{EDDEC0E3-4348-42DB-B4EF-879FB55F66C3}.Debug|Mixed Platforms.ActiveCfg = Debug|Win32
		{EDDEC0E3-4348-42DB-B4EF-879FB55F66C3}.Debug|Mixed Platforms.Build.0 = Debug|Win32
		{EDDEC0E3-4348-42DB-B4EF-879FB55F66C3}.Debug|Win32.ActiveCfg = Release|Win32
		{EDDEC0E3-4348-42DB-B4EF-879FB55F66C3}.Debug|Win32.Build.0 = Release|Win32
		{EDDEC0E3-4348-42DB-B4EF-879FB55F66C3}.Release|Any CPU.ActiveCfg = Release|Win32
		{EDDEC0E3-4348-42DB-B4EF-879FB55F66C3}.Release|Mixed Platforms.ActiveCfg = Release|Win32
		{EDDEC0E3-4348-42DB-B4EF-879FB55F66C3}.Release|Mixed Platforms.Build.0 = Release|Win32
		{EDDEC0E3-4348-42DB-B4EF-879FB55F66C3}.Release|Win32.ActiveCfg = Release|Win32
		{EDDEC0E3-4348-42DB-B4EF-879FB55F66C3}.Release|Win32.Build.0 = Release|Win32
		{AB00ED6C-E1B3-421E-B8C9-B14EEA7F2C69}.Debug|Any CPU.ActiveCfg = Debug|Win32
		{AB00ED6C-E1B3-421E-B8C9-B14EEA7F2C69}.Debug|Mixed Platforms.ActiveCfg = Debug|Win32
		{AB00ED6C-E1B3-421E-B8C9-B14EEA7F2C69}.Debug|Mixed Platforms.Build.0 = Debug|Win32
		{AB00ED6C-E1B3-421E-B8C9-B14EEA7F2C69}.Debug|Win32.ActiveCfg = Release|Win32
		{AB00ED6C-E1B3-421E-B8C9-B14EEA7F2C69}.Debug|Win32.Build.0 = Release|Win32
		{AB00ED6C-E1B3-421E-B8C9-B14EEA7F2C69}.Release|Any CPU.ActiveCfg = Release|Win32
		{AB00ED6C-E1B3-421E-B8C9-B14EEA7F2C69}.Release|Mixed Platforms.ActiveCfg = Release|Win32
		{AB00ED6C-E1B3-421E-B8C9-B14EEA7F2C69}.Release|Mixed Platforms.Build.0 = Release|Win32
		{AB00ED6C-E1B3-421E-B8C9-B14EEA7F2C69}.Release|Win32.ActiveCfg = Release|Win32
		{AB00ED6C-E1B3-421E-B8C9-B14EEA7F2C69}.Release|Win32.Build.0 = Release|Win32
		{CACD6762-8701-49A3-8E03-7CFCDA35BD5B}.Debug|Any CPU.ActiveCfg = Debug|Win32
		{CACD6762-8701-49A3-8E03-7CFCDA35BD5B}.Debug|Mixed Platforms.ActiveCfg = Debug|Win32
		{CACD6762-8701-49A3-8E03-7CFCDA35BD5B}.Debug|Mixed Platforms.Build.0 = Debug|Win32
		{CACD6762-8701-49A3-8E03-7CFCDA35BD5B}.Debug|Win32.ActiveCfg = Release|Win32
		{CACD6762-8701-49A3-8E03-7CFCDA35BD5B}.Debug|Win32.Build.0 = Release|Win32
		{CACD6762-8701-49A3-8E03-7CFCDA35BD5B}.Release|Any CPU.ActiveCfg = Release|Win32
		{CACD6762-8701-49A3-8E03-7CFCDA35BD5B}.Release|Mixed Platforms.ActiveCfg = Release|Win32
		{CACD6762-8701-49A3-8E03-7CFCDA35BD5B}.Release|Mixed Platforms.Build.0 = Release|Win32
		{CACD6762-8701-49A3-8E03-7CFCDA35BD5B}.Release|Win32.ActiveCfg = Release|Win32
		{CACD6762-8701-49A3-8E03-7CFCDA35BD5B}.Release|Win32.Build.0 = Release|Win32
		{F8D60BC2-2B25-4E68-85CC-74B8E0EF042E}.Debug|Any CPU.ActiveCfg = Debug|Win32
		{F8D60BC2-2B25-4E68-85CC-74B8E0EF042E}.Debug|Mixed Platforms.ActiveCfg = Debug|Win32
		{F8D60BC2-2B25-4E68-85CC-74B8E0EF042E}.Debug|Mixed Platforms.Build.0 = Debug|Win32
		{F8D60BC2-2B25-4E68-85CC-74B8E0EF042E}.Debug|Win32.ActiveCfg = Release|Win32
		{F8D60BC2-2B25-4E68-85CC-74B8E0EF042E}.Debug|Win32.Build.0 = Release|Win32
		{F8D60BC2-2B25-4E68-85CC-74B8E0EF042E}.Release|Any CPU.ActiveCfg = Release|Win32
		{F8D60BC2-2B25-4E68-85CC-74B8E0EF042E}.Release|Mixed Platforms.ActiveCfg = Release|Win32
		{F8D60BC2-2B25-4E68-85CC-74B8E0EF042E}.Release|Mixed Platforms.Build.0 = Release|Win32
		{F8D60BC2-2B25-4E68-85CC-74B8E0EF042E}.Release|Win32.ActiveCfg = Release|Win32
		{F8D60BC2-2B25-4E68-85CC-74B8E0EF042E}.Release|Win32.Build.0 = Release|Win32
		{2D958944-FDFC-4325-9926-98D6D42A7B7C}.Debug|Any CPU.ActiveCfg = Debug|Win32
		{2D958944-FDFC-4325-9926-98D6D42A7B7C}.Debug|Mixed Platforms.ActiveCfg = Debug|Win32
		{2D958944-FDFC-4325-9926-98D6D42A7B7C}.Debug|Mixed Platforms.Build.0 = Debug|Win32
		{2D958944-FDFC-4325-9926-98D6D42A7B7C}.Debug|Win32.ActiveCfg = Release|Win32
		{2D958944-FDFC-4325-9926-98D6D42A7B7C}.Debug|Win32.Build.0 = Release|Win32
		{2D958944-FDFC-4325-9926-98D6D42A7B7C}.Release|Any CPU.ActiveCfg = Release|Win32
		{2D958944-FDFC-4325-9926-98D6D42A7B7C}.Release|Mixed Platforms.ActiveCfg = Release|Win32
		{2D958944-FDFC-4325-9926-98D6D42A7B7C}.Release|Mixed Platforms.Build.0 = Release|Win32
		{2D958944-FDFC-4325-9926-98D6D42A7B7C}.Release|Win32.ActiveCfg = Release|Win32
		{2D958944-FDFC-4325-9926-98D6D42A7B7C}.Release|Win32.Build.0 = Release|Win32
		{EE73C17A-7182-4028-AEC5-9A6A91788DB8}.Debug|Any CPU.ActiveCfg = Debug|Any CPU
		{EE73C17A-7182-4028-AEC5-9A6A91788DB8}.Debug|Any CPU.Build.0 = Debug|Any CPU
		{EE73C17A-7182-4028-AEC5-9A6A91788DB8}.Debug|Mixed Platforms.ActiveCfg = Debug|Any CPU
		{EE73C17A-7182-4028-AEC5-9A6A91788DB8}.Debug|Mixed Platforms.Build.0 = Debug|Any CPU
		{EE73C17A-7182-4028-AEC5-9A6A91788DB8}.Debug|Win32.ActiveCfg = Release|Any CPU
		{EE73C17A-7182-4028-AEC5-9A6A91788DB8}.Debug|Win32.Build.0 = Release|Any CPU
		{EE73C17A-7182-4028-AEC5-9A6A91788DB8}.Release|Any CPU.ActiveCfg = Release|Any CPU
		{EE73C17A-7182-4028-AEC5-9A6A91788DB8}.Release|Any CPU.Build.0 = Release|Any CPU
		{EE73C17A-7182-4028-AEC5-9A6A91788DB8}.Release|Mixed Platforms.ActiveCfg = Release|Any CPU
		{EE73C17A-7182-4028-AEC5-9A6A91788DB8}.Release|Mixed Platforms.Build.0 = Release|Any CPU
		{EE73C17A-7182-4028-AEC5-9A6A91788DB8}.Release|Win32.ActiveCfg = Release|Any CPU
		{EE73C17A-7182-4028-AEC5-9A6A91788DB8}.Release|Win32.Build.0 = Release|Any CPU
	EndGlobalSection
	GlobalSection(SolutionProperties) = preSolution
		HideSolutionNode = FALSE
	EndGlobalSection
EndGlobal
